
Microsoft Visual Studio Solution File, Format Version 12.00
# Visual Studio Version 17
VisualStudioVersion = 17.8.34316.72
MinimumVisualStudioVersion = 10.0.40219.1
Project("{FAE04EC0-301F-11D3-BF4B-00C04F79EFBC}") = "SistemaEmpleados.DAL", "SistemaEmpleados.DAL\SistemaEmpleados.DAL.csproj", "{149D2B8C-C2CB-4317-AD34-16BF3CF6A84B}"
EndProject
Project("{FAE04EC0-301F-11D3-BF4B-00C04F79EFBC}") = "SistemaEmpleados.BSS", "SistemaEmpleados.BSS\SistemaEmpleados.BSS.csproj", "{2557E4F1-F656-4DFD-A198-33F01C0F9C15}"
EndProject
Project("{FAE04EC0-301F-11D3-BF4B-00C04F79EFBC}") = "SistemaEmpleados.MODELOS", "SistemaEmpleados.MODELOS\SistemaEmpleados.MODELOS.csproj", "{9D3A49BF-A1C0-4128-847C-E4A875BD0A4A}"
EndProject
Project("{FAE04EC0-301F-11D3-BF4B-00C04F79EFBC}") = "SistemaEmpleadosVista", "SistemaEmpleadosVista\SistemaEmpleadosVista.csproj", "{04F27130-AF12-4BB6-A586-59AC0C2AA514}"
EndProject
Global
	GlobalSection(SolutionConfigurationPlatforms) = preSolution
		Debug|Any CPU = Debug|Any CPU
		Release|Any CPU = Release|Any CPU
	EndGlobalSection
	GlobalSection(ProjectConfigurationPlatforms) = postSolution
		{149D2B8C-C2CB-4317-AD34-16BF3CF6A84B}.Debug|Any CPU.ActiveCfg = Debug|Any CPU
		{149D2B8C-C2CB-4317-AD34-16BF3CF6A84B}.Debug|Any CPU.Build.0 = Debug|Any CPU
		{149D2B8C-C2CB-4317-AD34-16BF3CF6A84B}.Release|Any CPU.ActiveCfg = Release|Any CPU
		{149D2B8C-C2CB-4317-AD34-16BF3CF6A84B}.Release|Any CPU.Build.0 = Release|Any CPU
		{2557E4F1-F656-4DFD-A198-33F01C0F9C15}.Debug|Any CPU.ActiveCfg = Debug|Any CPU
		{2557E4F1-F656-4DFD-A198-33F01C0F9C15}.Debug|Any CPU.Build.0 = Debug|Any CPU
		{2557E4F1-F656-4DFD-A198-33F01C0F9C15}.Release|Any CPU.ActiveCfg = Release|Any CPU
		{2557E4F1-F656-4DFD-A198-33F01C0F9C15}.Release|Any CPU.Build.0 = Release|Any CPU
		{9D3A49BF-A1C0-4128-847C-E4A875BD0A4A}.Debug|Any CPU.ActiveCfg = Debug|Any CPU
		{9D3A49BF-A1C0-4128-847C-E4A875BD0A4A}.Debug|Any CPU.Build.0 = Debug|Any CPU
		{9D3A49BF-A1C0-4128-847C-E4A875BD0A4A}.Release|Any CPU.ActiveCfg = Release|Any CPU
		{9D3A49BF-A1C0-4128-847C-E4A875BD0A4A}.Release|Any CPU.Build.0 = Release|Any CPU
		{04F27130-AF12-4BB6-A586-59AC0C2AA514}.Debug|Any CPU.ActiveCfg = Debug|Any CPU
		{04F27130-AF12-4BB6-A586-59AC0C2AA514}.Debug|Any CPU.Build.0 = Debug|Any CPU
		{04F27130-AF12-4BB6-A586-59AC0C2AA514}.Release|Any CPU.ActiveCfg = Release|Any CPU
		{04F27130-AF12-4BB6-A586-59AC0C2AA514}.Release|Any CPU.Build.0 = Release|Any CPU
	EndGlobalSection
	GlobalSection(SolutionProperties) = preSolution
		HideSolutionNode = FALSE
	EndGlobalSection
	GlobalSection(ExtensibilityGlobals) = postSolution
		SolutionGuid = {74ABFC4E-98BF-4365-AD09-E17D3A574F6A}
	EndGlobalSection
EndGlobal
